
Microsoft Visual Studio Solution File, Format Version 12.00
# Visual Studio Version 17
VisualStudioVersion = 17.3.32825.248
MinimumVisualStudioVersion = 10.0.40219.1
Project("{FAE04EC0-301F-11D3-BF4B-00C04F79EFBC}") = "Ferreteria", "Ferreteria\Ferreteria.csproj", "{2BEFAAAF-5317-43D3-91B9-E9937DF9BD7C}"
EndProject
Global
	GlobalSection(SolutionConfigurationPlatforms) = preSolution
		Debug|Any CPU = Debug|Any CPU
		Release|Any CPU = Release|Any CPU
	EndGlobalSection
	GlobalSection(ProjectConfigurationPlatforms) = postSolution
		{2BEFAAAF-5317-43D3-91B9-E9937DF9BD7C}.Debug|Any CPU.ActiveCfg = Debug|Any CPU
		{2BEFAAAF-5317-43D3-91B9-E9937DF9BD7C}.Debug|Any CPU.Build.0 = Debug|Any CPU
		{2BEFAAAF-5317-43D3-91B9-E9937DF9BD7C}.Release|Any CPU.ActiveCfg = Release|Any CPU
		{2BEFAAAF-5317-43D3-91B9-E9937DF9BD7C}.Release|Any CPU.Build.0 = Release|Any CPU
	EndGlobalSection
	GlobalSection(SolutionProperties) = preSolution
		HideSolutionNode = FALSE
	EndGlobalSection
	GlobalSection(ExtensibilityGlobals) = postSolution
		SolutionGuid = {586281A9-36D2-4350-BF27-F62E15B99E77}
	EndGlobalSection
EndGlobal
